
Microsoft Visual Studio Solution File, Format Version 12.00
# Visual Studio Version 17
VisualStudioVersion = 17.3.32929.385
MinimumVisualStudioVersion = 10.0.40219.1
Project("{FAE04EC0-301F-11D3-BF4B-00C04F79EFBC}") = "ParallelGraphProcessor", "ParallelGraphProcessor\ParallelGraphProcessor.csproj", "{BE32A37A-5564-474C-BE6D-0F29E8FE0AB7}"
EndProject
Global
	GlobalSection(SolutionConfigurationPlatforms) = preSolution
		Debug|Any CPU = Debug|Any CPU
		Release|Any CPU = Release|Any CPU
	EndGlobalSection
	GlobalSection(ProjectConfigurationPlatforms) = postSolution
		{BE32A37A-5564-474C-BE6D-0F29E8FE0AB7}.Debug|Any CPU.ActiveCfg = Debug|Any CPU
		{BE32A37A-5564-474C-BE6D-0F29E8FE0AB7}.Debug|Any CPU.Build.0 = Debug|Any CPU
		{BE32A37A-5564-474C-BE6D-0F29E8FE0AB7}.Release|Any CPU.ActiveCfg = Release|Any CPU
		{BE32A37A-5564-474C-BE6D-0F29E8FE0AB7}.Release|Any CPU.Build.0 = Release|Any CPU
	EndGlobalSection
	GlobalSection(SolutionProperties) = preSolution
		HideSolutionNode = FALSE
	EndGlobalSection
	GlobalSection(ExtensibilityGlobals) = postSolution
		SolutionGuid = {3BAF95B8-3FC6-44A4-89B3-3458FE99F147}
	EndGlobalSection
EndGlobal
